
Microsoft Visual Studio Solution File, Format Version 12.00
# Visual Studio Version 17
VisualStudioVersion = 17.5.2.0
MinimumVisualStudioVersion = 10.0.40219.1
Project("{FAE04EC0-301F-11D3-BF4B-00C04F79EFBC}") = "PhotoFrame", "PhotoFrame\PhotoFrame.csproj", "{FDDE4A87-C806-4346-3EC0-532724D8EC62}"
EndProject
Project("{FAE04EC0-301F-11D3-BF4B-00C04F79EFBC}") = "PhotoFrameTests", "PhotoFrameTests\PhotoFrameTests.csproj", "{9D6CC9C4-77DC-44F6-A01A-8A3928057549}"
EndProject
Global
	GlobalSection(SolutionConfigurationPlatforms) = preSolution
		Debug|Any CPU = Debug|Any CPU
		Debug|x64 = Debug|x64
		Debug|x86 = Debug|x86
		Release|Any CPU = Release|Any CPU
		Release|x64 = Release|x64
		Release|x86 = Release|x86
	EndGlobalSection
	GlobalSection(ProjectConfigurationPlatforms) = postSolution
		{FDDE4A87-C806-4346-3EC0-532724D8EC62}.Debug|Any CPU.ActiveCfg = Debug|Any CPU
		{FDDE4A87-C806-4346-3EC0-532724D8EC62}.Debug|Any CPU.Build.0 = Debug|Any CPU
		{FDDE4A87-C806-4346-3EC0-532724D8EC62}.Debug|x64.ActiveCfg = Debug|Any CPU
		{FDDE4A87-C806-4346-3EC0-532724D8EC62}.Debug|x64.Build.0 = Debug|Any CPU
		{FDDE4A87-C806-4346-3EC0-532724D8EC62}.Debug|x86.ActiveCfg = Debug|Any CPU
		{FDDE4A87-C806-4346-3EC0-532724D8EC62}.Debug|x86.Build.0 = Debug|Any CPU
		{FDDE4A87-C806-4346-3EC0-532724D8EC62}.Release|Any CPU.ActiveCfg = Release|Any CPU
		{FDDE4A87-C806-4346-3EC0-532724D8EC62}.Release|Any CPU.Build.0 = Release|Any CPU
		{FDDE4A87-C806-4346-3EC0-532724D8EC62}.Release|x64.ActiveCfg = Release|Any CPU
		{FDDE4A87-C806-4346-3EC0-532724D8EC62}.Release|x64.Build.0 = Release|Any CPU
		{FDDE4A87-C806-4346-3EC0-532724D8EC62}.Release|x86.ActiveCfg = Release|Any CPU
		{FDDE4A87-C806-4346-3EC0-532724D8EC62}.Release|x86.Build.0 = Release|Any CPU
		{9D6CC9C4-77DC-44F6-A01A-8A3928057549}.Debug|Any CPU.ActiveCfg = Debug|Any CPU
		{9D6CC9C4-77DC-44F6-A01A-8A3928057549}.Debug|Any CPU.Build.0 = Debug|Any CPU
		{9D6CC9C4-77DC-44F6-A01A-8A3928057549}.Debug|x64.ActiveCfg = Debug|Any CPU
		{9D6CC9C4-77DC-44F6-A01A-8A3928057549}.Debug|x64.Build.0 = Debug|Any CPU
		{9D6CC9C4-77DC-44F6-A01A-8A3928057549}.Debug|x86.ActiveCfg = Debug|Any CPU
		{9D6CC9C4-77DC-44F6-A01A-8A3928057549}.Debug|x86.Build.0 = Debug|Any CPU
		{9D6CC9C4-77DC-44F6-A01A-8A3928057549}.Release|Any CPU.ActiveCfg = Release|Any CPU
		{9D6CC9C4-77DC-44F6-A01A-8A3928057549}.Release|Any CPU.Build.0 = Release|Any CPU
		{9D6CC9C4-77DC-44F6-A01A-8A3928057549}.Release|x64.ActiveCfg = Release|Any CPU
		{9D6CC9C4-77DC-44F6-A01A-8A3928057549}.Release|x64.Build.0 = Release|Any CPU
		{9D6CC9C4-77DC-44F6-A01A-8A3928057549}.Release|x86.ActiveCfg = Release|Any CPU
		{9D6CC9C4-77DC-44F6-A01A-8A3928057549}.Release|x86.Build.0 = Release|Any CPU
	EndGlobalSection
	GlobalSection(SolutionProperties) = preSolution
		HideSolutionNode = FALSE
	EndGlobalSection
	GlobalSection(ExtensibilityGlobals) = postSolution
		SolutionGuid = {0A86FA70-F47E-45DC-87FA-477C18AC60C5}
	EndGlobalSection
EndGlobal
